
Microsoft Visual Studio Solution File, Format Version 12.00
# Visual Studio 15
VisualStudioVersion = 15.0.27428.2043
MinimumVisualStudioVersion = 10.0.40219.1
Project("{FAE04EC0-301F-11D3-BF4B-00C04F79EFBC}") = "QuizzMotorsport.Android", "QuizzMotorsport\QuizzMotorsport.Android\QuizzMotorsport.Android.csproj", "{1A1EC05E-0772-45B6-A6CB-FC7553BF994F}"
EndProject
Project("{FAE04EC0-301F-11D3-BF4B-00C04F79EFBC}") = "QuizzMotorsport.iOS", "QuizzMotorsport\QuizzMotorsport.iOS\QuizzMotorsport.iOS.csproj", "{21CD2334-DA55-4FE9-B5A3-ACC5129E8394}"
EndProject
Project("{FAE04EC0-301F-11D3-BF4B-00C04F79EFBC}") = "QuizzMotorsport.UWP", "QuizzMotorsport\QuizzMotorsport.UWP\QuizzMotorsport.UWP.csproj", "{54CF33D1-B11F-46C8-B9B1-7781DF4F0500}"
EndProject
Project("{FAE04EC0-301F-11D3-BF4B-00C04F79EFBC}") = "QuizzMotorsport", "QuizzMotorsport\QuizzMotorsport\QuizzMotorsport.csproj", "{4050CC17-8909-41F0-AFAC-F5C2ADBB70B6}"
EndProject
Global
	GlobalSection(SolutionConfigurationPlatforms) = preSolution
		Ad-Hoc|Any CPU = Ad-Hoc|Any CPU
		Ad-Hoc|ARM = Ad-Hoc|ARM
		Ad-Hoc|iPhone = Ad-Hoc|iPhone
		Ad-Hoc|iPhoneSimulator = Ad-Hoc|iPhoneSimulator
		Ad-Hoc|x64 = Ad-Hoc|x64
		Ad-Hoc|x86 = Ad-Hoc|x86
		AppStore|Any CPU = AppStore|Any CPU
		AppStore|ARM = AppStore|ARM
		AppStore|iPhone = AppStore|iPhone
		AppStore|iPhoneSimulator = AppStore|iPhoneSimulator
		AppStore|x64 = AppStore|x64
		AppStore|x86 = AppStore|x86
		Debug|Any CPU = Debug|Any CPU
		Debug|ARM = Debug|ARM
		Debug|iPhone = Debug|iPhone
		Debug|iPhoneSimulator = Debug|iPhoneSimulator
		Debug|x64 = Debug|x64
		Debug|x86 = Debug|x86
		Release|Any CPU = Release|Any CPU
		Release|ARM = Release|ARM
		Release|iPhone = Release|iPhone
		Release|iPhoneSimulator = Release|iPhoneSimulator
		Release|x64 = Release|x64
		Release|x86 = Release|x86
	EndGlobalSection
	GlobalSection(ProjectConfigurationPlatforms) = postSolution
		{1A1EC05E-0772-45B6-A6CB-FC7553BF994F}.Ad-Hoc|Any CPU.ActiveCfg = Release|Any CPU
		{1A1EC05E-0772-45B6-A6CB-FC7553BF994F}.Ad-Hoc|Any CPU.Build.0 = Release|Any CPU
		{1A1EC05E-0772-45B6-A6CB-FC7553BF994F}.Ad-Hoc|Any CPU.Deploy.0 = Release|Any CPU
		{1A1EC05E-0772-45B6-A6CB-FC7553BF994F}.Ad-Hoc|ARM.ActiveCfg = Release|Any CPU
		{1A1EC05E-0772-45B6-A6CB-FC7553BF994F}.Ad-Hoc|ARM.Build.0 = Release|Any CPU
		{1A1EC05E-0772-45B6-A6CB-FC7553BF994F}.Ad-Hoc|ARM.Deploy.0 = Release|Any CPU
		{1A1EC05E-0772-45B6-A6CB-FC7553BF994F}.Ad-Hoc|iPhone.ActiveCfg = Release|Any CPU
		{1A1EC05E-0772-45B6-A6CB-FC7553BF994F}.Ad-Hoc|iPhone.Build.0 = Release|Any CPU
		{1A1EC05E-0772-45B6-A6CB-FC7553BF994F}.Ad-Hoc|iPhone.Deploy.0 = Release|Any CPU
		{1A1EC05E-0772-45B6-A6CB-FC7553BF994F}.Ad-Hoc|iPhoneSimulator.ActiveCfg = Release|Any CPU
		{1A1EC05E-0772-45B6-A6CB-FC7553BF994F}.Ad-Hoc|iPhoneSimulator.Build.0 = Release|Any CPU
		{1A1EC05E-0772-45B6-A6CB-FC7553BF994F}.Ad-Hoc|iPhoneSimulator.Deploy.0 = Release|Any CPU
		{1A1EC05E-0772-45B6-A6CB-FC7553BF994F}.Ad-Hoc|x64.ActiveCfg = Release|Any CPU
		{1A1EC05E-0772-45B6-A6CB-FC7553BF994F}.Ad-Hoc|x64.Build.0 = Release|Any CPU
		{1A1EC05E-0772-45B6-A6CB-FC7553BF994F}.Ad-Hoc|x64.Deploy.0 = Release|Any CPU
		{1A1EC05E-0772-45B6-A6CB-FC7553BF994F}.Ad-Hoc|x86.ActiveCfg = Release|Any CPU
		{1A1EC05E-0772-45B6-A6CB-FC7553BF994F}.Ad-Hoc|x86.Build.0 = Release|Any CPU
		{1A1EC05E-0772-45B6-A6CB-FC7553BF994F}.Ad-Hoc|x86.Deploy.0 = Release|Any CPU
		{1A1EC05E-0772-45B6-A6CB-FC7553BF994F}.AppStore|Any CPU.ActiveCfg = Release|Any CPU
		{1A1EC05E-0772-45B6-A6CB-FC7553BF994F}.AppStore|Any CPU.Build.0 = Release|Any CPU
		{1A1EC05E-0772-45B6-A6CB-FC7553BF994F}.AppStore|Any CPU.Deploy.0 = Release|Any CPU
		{1A1EC05E-0772-45B6-A6CB-FC7553BF994F}.AppStore|ARM.ActiveCfg = Release|Any CPU
		{1A1EC05E-0772-45B6-A6CB-FC7553BF994F}.AppStore|ARM.Build.0 = Release|Any CPU
		{1A1EC05E-0772-45B6-A6CB-FC7553BF994F}.AppStore|ARM.Deploy.0 = Release|Any CPU
		{1A1EC05E-0772-45B6-A6CB-FC7553BF994F}.AppStore|iPhone.ActiveCfg = Release|Any CPU
		{1A1EC05E-0772-45B6-A6CB-FC7553BF994F}.AppStore|iPhone.Build.0 = Release|Any CPU
		{1A1EC05E-0772-45B6-A6CB-FC7553BF994F}.AppStore|iPhone.Deploy.0 = Release|Any CPU
		{1A1EC05E-0772-45B6-A6CB-FC7553BF994F}.AppStore|iPhoneSimulator.ActiveCfg = Release|Any CPU
		{1A1EC05E-0772-45B6-A6CB-FC7553BF994F}.AppStore|iPhoneSimulator.Build.0 = Release|Any CPU
		{1A1EC05E-0772-45B6-A6CB-FC7553BF994F}.AppStore|iPhoneSimulator.Deploy.0 = Release|Any CPU
		{1A1EC05E-0772-45B6-A6CB-FC7553BF994F}.AppStore|x64.ActiveCfg = Release|Any CPU
		{1A1EC05E-0772-45B6-A6CB-FC7553BF994F}.AppStore|x64.Build.0 = Release|Any CPU
		{1A1EC05E-0772-45B6-A6CB-FC7553BF994F}.AppStore|x64.Deploy.0 = Release|Any CPU
		{1A1EC05E-0772-45B6-A6CB-FC7553BF994F}.AppStore|x86.ActiveCfg = Release|Any CPU
		{1A1EC05E-0772-45B6-A6CB-FC7553BF994F}.AppStore|x86.Build.0 = Release|Any CPU
		{1A1EC05E-0772-45B6-A6CB-FC7553BF994F}.AppStore|x86.Deploy.0 = Release|Any CPU
		{1A1EC05E-0772-45B6-A6CB-FC7553BF994F}.Debug|Any CPU.ActiveCfg = Debug|Any CPU
		{1A1EC05E-0772-45B6-A6CB-FC7553BF994F}.Debug|Any CPU.Build.0 = Debug|Any CPU
		{1A1EC05E-0772-45B6-A6CB-FC7553BF994F}.Debug|Any CPU.Deploy.0 = Debug|Any CPU
		{1A1EC05E-0772-45B6-A6CB-FC7553BF994F}.Debug|ARM.ActiveCfg = Debug|Any CPU
		{1A1EC05E-0772-45B6-A6CB-FC7553BF994F}.Debug|ARM.Build.0 = Debug|Any CPU
		{1A1EC05E-0772-45B6-A6CB-FC7553BF994F}.Debug|ARM.Deploy.0 = Debug|Any CPU
		{1A1EC05E-0772-45B6-A6CB-FC7553BF994F}.Debug|iPhone.ActiveCfg = Debug|Any CPU
		{1A1EC05E-0772-45B6-A6CB-FC7553BF994F}.Debug|iPhone.Build.0 = Debug|Any CPU
		{1A1EC05E-0772-45B6-A6CB-FC7553BF994F}.Debug|iPhone.Deploy.0 = Debug|Any CPU
		{1A1EC05E-0772-45B6-A6CB-FC7553BF994F}.Debug|iPhoneSimulator.ActiveCfg = Debug|Any CPU
		{1A1EC05E-0772-45B6-A6CB-FC7553BF994F}.Debug|iPhoneSimulator.Build.0 = Debug|Any CPU
		{1A1EC05E-0772-45B6-A6CB-FC7553BF994F}.Debug|iPhoneSimulator.Deploy.0 = Debug|Any CPU
		{1A1EC05E-0772-45B6-A6CB-FC7553BF994F}.Debug|x64.ActiveCfg = Debug|Any CPU
		{1A1EC05E-0772-45B6-A6CB-FC7553BF994F}.Debug|x64.Build.0 = Debug|Any CPU
		{1A1EC05E-0772-45B6-A6CB-FC7553BF994F}.Debug|x64.Deploy.0 = Debug|Any CPU
		{1A1EC05E-0772-45B6-A6CB-FC7553BF994F}.Debug|x86.ActiveCfg = Debug|Any CPU
		{1A1EC05E-0772-45B6-A6CB-FC7553BF994F}.Debug|x86.Build.0 = Debug|Any CPU
		{1A1EC05E-0772-45B6-A6CB-FC7553BF994F}.Debug|x86.Deploy.0 = Debug|Any CPU
		{1A1EC05E-0772-45B6-A6CB-FC7553BF994F}.Release|Any CPU.ActiveCfg = Release|Any CPU
		{1A1EC05E-0772-45B6-A6CB-FC7553BF994F}.Release|Any CPU.Build.0 = Release|Any CPU
		{1A1EC05E-0772-45B6-A6CB-FC7553BF994F}.Release|Any CPU.Deploy.0 = Release|Any CPU
		{1A1EC05E-0772-45B6-A6CB-FC7553BF994F}.Release|ARM.ActiveCfg = Release|Any CPU
		{1A1EC05E-0772-45B6-A6CB-FC7553BF994F}.Release|ARM.Build.0 = Release|Any CPU
		{1A1EC05E-0772-45B6-A6CB-FC7553BF994F}.Release|ARM.Deploy.0 = Release|Any CPU
		{1A1EC05E-0772-45B6-A6CB-FC7553BF994F}.Release|iPhone.ActiveCfg = Release|Any CPU
		{1A1EC05E-0772-45B6-A6CB-FC7553BF994F}.Release|iPhone.Build.0 = Release|Any CPU
		{1A1EC05E-0772-45B6-A6CB-FC7553BF994F}.Release|iPhone.Deploy.0 = Release|Any CPU
		{1A1EC05E-0772-45B6-A6CB-FC7553BF994F}.Release|iPhoneSimulator.ActiveCfg = Release|Any CPU
		{1A1EC05E-0772-45B6-A6CB-FC7553BF994F}.Release|iPhoneSimulator.Build.0 = Release|Any CPU
		{1A1EC05E-0772-45B6-A6CB-FC7553BF994F}.Release|iPhoneSimulator.Deploy.0 = Release|Any CPU
		{1A1EC05E-0772-45B6-A6CB-FC7553BF994F}.Release|x64.ActiveCfg = Release|Any CPU
		{1A1EC05E-0772-45B6-A6CB-FC7553BF994F}.Release|x64.Build.0 = Release|Any CPU
		{1A1EC05E-0772-45B6-A6CB-FC7553BF994F}.Release|x64.Deploy.0 = Release|Any CPU
		{1A1EC05E-0772-45B6-A6CB-FC7553BF994F}.Release|x86.ActiveCfg = Release|Any CPU
		{1A1EC05E-0772-45B6-A6CB-FC7553BF994F}.Release|x86.Build.0 = Release|Any CPU
		{1A1EC05E-0772-45B6-A6CB-FC7553BF994F}.Release|x86.Deploy.0 = Release|Any CPU
		{21CD2334-DA55-4FE9-B5A3-ACC5129E8394}.Ad-Hoc|Any CPU.ActiveCfg = Ad-Hoc|iPhone
		{21CD2334-DA55-4FE9-B5A3-ACC5129E8394}.Ad-Hoc|ARM.ActiveCfg = Ad-Hoc|iPhone
		{21CD2334-DA55-4FE9-B5A3-ACC5129E8394}.Ad-Hoc|iPhone.ActiveCfg = Ad-Hoc|iPhone
		{21CD2334-DA55-4FE9-B5A3-ACC5129E8394}.Ad-Hoc|iPhone.Build.0 = Ad-Hoc|iPhone
		{21CD2334-DA55-4FE9-B5A3-ACC5129E8394}.Ad-Hoc|iPhoneSimulator.ActiveCfg = Ad-Hoc|iPhoneSimulator
		{21CD2334-DA55-4FE9-B5A3-ACC5129E8394}.Ad-Hoc|iPhoneSimulator.Build.0 = Ad-Hoc|iPhoneSimulator
		{21CD2334-DA55-4FE9-B5A3-ACC5129E8394}.Ad-Hoc|x64.ActiveCfg = Ad-Hoc|iPhone
		{21CD2334-DA55-4FE9-B5A3-ACC5129E8394}.Ad-Hoc|x86.ActiveCfg = Ad-Hoc|iPhone
		{21CD2334-DA55-4FE9-B5A3-ACC5129E8394}.AppStore|Any CPU.ActiveCfg = AppStore|iPhone
		{21CD2334-DA55-4FE9-B5A3-ACC5129E8394}.AppStore|ARM.ActiveCfg = AppStore|iPhone
		{21CD2334-DA55-4FE9-B5A3-ACC5129E8394}.AppStore|iPhone.ActiveCfg = AppStore|iPhone
		{21CD2334-DA55-4FE9-B5A3-ACC5129E8394}.AppStore|iPhone.Build.0 = AppStore|iPhone
		{21CD2334-DA55-4FE9-B5A3-ACC5129E8394}.AppStore|iPhoneSimulator.ActiveCfg = AppStore|iPhoneSimulator
		{21CD2334-DA55-4FE9-B5A3-ACC5129E8394}.AppStore|iPhoneSimulator.Build.0 = AppStore|iPhoneSimulator
		{21CD2334-DA55-4FE9-B5A3-ACC5129E8394}.AppStore|x64.ActiveCfg = AppStore|iPhone
		{21CD2334-DA55-4FE9-B5A3-ACC5129E8394}.AppStore|x86.ActiveCfg = AppStore|iPhone
		{21CD2334-DA55-4FE9-B5A3-ACC5129E8394}.Debug|Any CPU.ActiveCfg = Debug|iPhone
		{21CD2334-DA55-4FE9-B5A3-ACC5129E8394}.Debug|ARM.ActiveCfg = Debug|iPhone
		{21CD2334-DA55-4FE9-B5A3-ACC5129E8394}.Debug|iPhone.ActiveCfg = Debug|iPhone
		{21CD2334-DA55-4FE9-B5A3-ACC5129E8394}.Debug|iPhone.Build.0 = Debug|iPhone
		{21CD2334-DA55-4FE9-B5A3-ACC5129E8394}.Debug|iPhoneSimulator.ActiveCfg = Debug|iPhoneSimulator
		{21CD2334-DA55-4FE9-B5A3-ACC5129E8394}.Debug|iPhoneSimulator.Build.0 = Debug|iPhoneSimulator
		{21CD2334-DA55-4FE9-B5A3-ACC5129E8394}.Debug|x64.ActiveCfg = Debug|iPhone
		{21CD2334-DA55-4FE9-B5A3-ACC5129E8394}.Debug|x86.ActiveCfg = Debug|iPhone
		{21CD2334-DA55-4FE9-B5A3-ACC5129E8394}.Release|Any CPU.ActiveCfg = Release|iPhone
		{21CD2334-DA55-4FE9-B5A3-ACC5129E8394}.Release|ARM.ActiveCfg = Release|iPhone
		{21CD2334-DA55-4FE9-B5A3-ACC5129E8394}.Release|iPhone.ActiveCfg = Release|iPhone
		{21CD2334-DA55-4FE9-B5A3-ACC5129E8394}.Release|iPhone.Build.0 = Release|iPhone
		{21CD2334-DA55-4FE9-B5A3-ACC5129E8394}.Release|iPhoneSimulator.ActiveCfg = Release|iPhoneSimulator
		{21CD2334-DA55-4FE9-B5A3-ACC5129E8394}.Release|iPhoneSimulator.Build.0 = Release|iPhoneSimulator
		{21CD2334-DA55-4FE9-B5A3-ACC5129E8394}.Release|x64.ActiveCfg = Release|iPhone
		{21CD2334-DA55-4FE9-B5A3-ACC5129E8394}.Release|x86.ActiveCfg = Release|iPhone
		{54CF33D1-B11F-46C8-B9B1-7781DF4F0500}.Ad-Hoc|Any CPU.ActiveCfg = Release|x86
		{54CF33D1-B11F-46C8-B9B1-7781DF4F0500}.Ad-Hoc|Any CPU.Build.0 = Release|x86
		{54CF33D1-B11F-46C8-B9B1-7781DF4F0500}.Ad-Hoc|Any CPU.Deploy.0 = Release|x86
		{54CF33D1-B11F-46C8-B9B1-7781DF4F0500}.Ad-Hoc|ARM.ActiveCfg = Release|ARM
		{54CF33D1-B11F-46C8-B9B1-7781DF4F0500}.Ad-Hoc|ARM.Build.0 = Release|ARM
		{54CF33D1-B11F-46C8-B9B1-7781DF4F0500}.Ad-Hoc|ARM.Deploy.0 = Release|ARM
		{54CF33D1-B11F-46C8-B9B1-7781DF4F0500}.Ad-Hoc|iPhone.ActiveCfg = Release|x86
		{54CF33D1-B11F-46C8-B9B1-7781DF4F0500}.Ad-Hoc|iPhone.Build.0 = Release|x86
		{54CF33D1-B11F-46C8-B9B1-7781DF4F0500}.Ad-Hoc|iPhone.Deploy.0 = Release|x86
		{54CF33D1-B11F-46C8-B9B1-7781DF4F0500}.Ad-Hoc|iPhoneSimulator.ActiveCfg = Release|x86
		{54CF33D1-B11F-46C8-B9B1-7781DF4F0500}.Ad-Hoc|iPhoneSimulator.Build.0 = Release|x86
		{54CF33D1-B11F-46C8-B9B1-7781DF4F0500}.Ad-Hoc|iPhoneSimulator.Deploy.0 = Release|x86
		{54CF33D1-B11F-46C8-B9B1-7781DF4F0500}.Ad-Hoc|x64.ActiveCfg = Release|x64
		{54CF33D1-B11F-46C8-B9B1-7781DF4F0500}.Ad-Hoc|x64.Build.0 = Release|x64
		{54CF33D1-B11F-46C8-B9B1-7781DF4F0500}.Ad-Hoc|x64.Deploy.0 = Release|x64
		{54CF33D1-B11F-46C8-B9B1-7781DF4F0500}.Ad-Hoc|x86.ActiveCfg = Release|x86
		{54CF33D1-B11F-46C8-B9B1-7781DF4F0500}.Ad-Hoc|x86.Build.0 = Release|x86
		{54CF33D1-B11F-46C8-B9B1-7781DF4F0500}.Ad-Hoc|x86.Deploy.0 = Release|x86
		{54CF33D1-B11F-46C8-B9B1-7781DF4F0500}.AppStore|Any CPU.ActiveCfg = Release|x86
		{54CF33D1-B11F-46C8-B9B1-7781DF4F0500}.AppStore|Any CPU.Build.0 = Release|x86
		{54CF33D1-B11F-46C8-B9B1-7781DF4F0500}.AppStore|Any CPU.Deploy.0 = Release|x86
		{54CF33D1-B11F-46C8-B9B1-7781DF4F0500}.AppStore|ARM.ActiveCfg = Release|ARM
		{54CF33D1-B11F-46C8-B9B1-7781DF4F0500}.AppStore|ARM.Build.0 = Release|ARM
		{54CF33D1-B11F-46C8-B9B1-7781DF4F0500}.AppStore|ARM.Deploy.0 = Release|ARM
		{54CF33D1-B11F-46C8-B9B1-7781DF4F0500}.AppStore|iPhone.ActiveCfg = Release|x86
		{54CF33D1-B11F-46C8-B9B1-7781DF4F0500}.AppStore|iPhone.Build.0 = Release|x86
		{54CF33D1-B11F-46C8-B9B1-7781DF4F0500}.AppStore|iPhone.Deploy.0 = Release|x86
		{54CF33D1-B11F-46C8-B9B1-7781DF4F0500}.AppStore|iPhoneSimulator.ActiveCfg = Release|x86
		{54CF33D1-B11F-46C8-B9B1-7781DF4F0500}.AppStore|iPhoneSimulator.Build.0 = Release|x86
		{54CF33D1-B11F-46C8-B9B1-7781DF4F0500}.AppStore|iPhoneSimulator.Deploy.0 = Release|x86
		{54CF33D1-B11F-46C8-B9B1-7781DF4F0500}.AppStore|x64.ActiveCfg = Release|x64
		{54CF33D1-B11F-46C8-B9B1-7781DF4F0500}.AppStore|x64.Build.0 = Release|x64
		{54CF33D1-B11F-46C8-B9B1-7781DF4F0500}.AppStore|x64.Deploy.0 = Release|x64
		{54CF33D1-B11F-46C8-B9B1-7781DF4F0500}.AppStore|x86.ActiveCfg = Release|x86
		{54CF33D1-B11F-46C8-B9B1-7781DF4F0500}.AppStore|x86.Build.0 = Release|x86
		{54CF33D1-B11F-46C8-B9B1-7781DF4F0500}.AppStore|x86.Deploy.0 = Release|x86
		{54CF33D1-B11F-46C8-B9B1-7781DF4F0500}.Debug|Any CPU.ActiveCfg = Debug|x86
		{54CF33D1-B11F-46C8-B9B1-7781DF4F0500}.Debug|ARM.ActiveCfg = Debug|ARM
		{54CF33D1-B11F-46C8-B9B1-7781DF4F0500}.Debug|ARM.Build.0 = Debug|ARM
		{54CF33D1-B11F-46C8-B9B1-7781DF4F0500}.Debug|ARM.Deploy.0 = Debug|ARM
		{54CF33D1-B11F-46C8-B9B1-7781DF4F0500}.Debug|iPhone.ActiveCfg = Debug|x86
		{54CF33D1-B11F-46C8-B9B1-7781DF4F0500}.Debug|iPhoneSimulator.ActiveCfg = Debug|x86
		{54CF33D1-B11F-46C8-B9B1-7781DF4F0500}.Debug|x64.ActiveCfg = Debug|x64
		{54CF33D1-B11F-46C8-B9B1-7781DF4F0500}.Debug|x64.Build.0 = Debug|x64
		{54CF33D1-B11F-46C8-B9B1-7781DF4F0500}.Debug|x64.Deploy.0 = Debug|x64
		{54CF33D1-B11F-46C8-B9B1-7781DF4F0500}.Debug|x86.ActiveCfg = Debug|x86
		{54CF33D1-B11F-46C8-B9B1-7781DF4F0500}.Debug|x86.Build.0 = Debug|x86
		{54CF33D1-B11F-46C8-B9B1-7781DF4F0500}.Debug|x86.Deploy.0 = Debug|x86
		{54CF33D1-B11F-46C8-B9B1-7781DF4F0500}.Release|Any CPU.ActiveCfg = Release|x86
		{54CF33D1-B11F-46C8-B9B1-7781DF4F0500}.Release|ARM.ActiveCfg = Release|ARM
		{54CF33D1-B11F-46C8-B9B1-7781DF4F0500}.Release|ARM.Build.0 = Release|ARM
		{54CF33D1-B11F-46C8-B9B1-7781DF4F0500}.Release|ARM.Deploy.0 = Release|ARM
		{54CF33D1-B11F-46C8-B9B1-7781DF4F0500}.Release|iPhone.ActiveCfg = Release|x86
		{54CF33D1-B11F-46C8-B9B1-7781DF4F0500}.Release|iPhoneSimulator.ActiveCfg = Release|x86
		{54CF33D1-B11F-46C8-B9B1-7781DF4F0500}.Release|x64.ActiveCfg = Release|x64
		{54CF33D1-B11F-46C8-B9B1-7781DF4F0500}.Release|x64.Build.0 = Release|x64
		{54CF33D1-B11F-46C8-B9B1-7781DF4F0500}.Release|x64.Deploy.0 = Release|x64
		{54CF33D1-B11F-46C8-B9B1-7781DF4F0500}.Release|x86.ActiveCfg = Release|x86
		{54CF33D1-B11F-46C8-B9B1-7781DF4F0500}.Release|x86.Build.0 = Release|x86
		{54CF33D1-B11F-46C8-B9B1-7781DF4F0500}.Release|x86.Deploy.0 = Release|x86
		{4050CC17-8909-41F0-AFAC-F5C2ADBB70B6}.Ad-Hoc|Any CPU.ActiveCfg = Debug|Any CPU
		{4050CC17-8909-41F0-AFAC-F5C2ADBB70B6}.Ad-Hoc|Any CPU.Build.0 = Debug|Any CPU
		{4050CC17-8909-41F0-AFAC-F5C2ADBB70B6}.Ad-Hoc|ARM.ActiveCfg = Debug|Any CPU
		{4050CC17-8909-41F0-AFAC-F5C2ADBB70B6}.Ad-Hoc|ARM.Build.0 = Debug|Any CPU
		{4050CC17-8909-41F0-AFAC-F5C2ADBB70B6}.Ad-Hoc|iPhone.ActiveCfg = Debug|Any CPU
		{4050CC17-8909-41F0-AFAC-F5C2ADBB70B6}.Ad-Hoc|iPhone.Build.0 = Debug|Any CPU
		{4050CC17-8909-41F0-AFAC-F5C2ADBB70B6}.Ad-Hoc|iPhoneSimulator.ActiveCfg = Debug|Any CPU
		{4050CC17-8909-41F0-AFAC-F5C2ADBB70B6}.Ad-Hoc|iPhoneSimulator.Build.0 = Debug|Any CPU
		{4050CC17-8909-41F0-AFAC-F5C2ADBB70B6}.Ad-Hoc|x64.ActiveCfg = Debug|Any CPU
		{4050CC17-8909-41F0-AFAC-F5C2ADBB70B6}.Ad-Hoc|x64.Build.0 = Debug|Any CPU
		{4050CC17-8909-41F0-AFAC-F5C2ADBB70B6}.Ad-Hoc|x86.ActiveCfg = Debug|Any CPU
		{4050CC17-8909-41F0-AFAC-F5C2ADBB70B6}.Ad-Hoc|x86.Build.0 = Debug|Any CPU
		{4050CC17-8909-41F0-AFAC-F5C2ADBB70B6}.AppStore|Any CPU.ActiveCfg = Debug|Any CPU
		{4050CC17-8909-41F0-AFAC-F5C2ADBB70B6}.AppStore|Any CPU.Build.0 = Debug|Any CPU
		{4050CC17-8909-41F0-AFAC-F5C2ADBB70B6}.AppStore|ARM.ActiveCfg = Debug|Any CPU
		{4050CC17-8909-41F0-AFAC-F5C2ADBB70B6}.AppStore|ARM.Build.0 = Debug|Any CPU
		{4050CC17-8909-41F0-AFAC-F5C2ADBB70B6}.AppStore|iPhone.ActiveCfg = Debug|Any CPU
		{4050CC17-8909-41F0-AFAC-F5C2ADBB70B6}.AppStore|iPhone.Build.0 = Debug|Any CPU
		{4050CC17-8909-41F0-AFAC-F5C2ADBB70B6}.AppStore|iPhoneSimulator.ActiveCfg = Debug|Any CPU
		{4050CC17-8909-41F0-AFAC-F5C2ADBB70B6}.AppStore|iPhoneSimulator.Build.0 = Debug|Any CPU
		{4050CC17-8909-41F0-AFAC-F5C2ADBB70B6}.AppStore|x64.ActiveCfg = Debug|Any CPU
		{4050CC17-8909-41F0-AFAC-F5C2ADBB70B6}.AppStore|x64.Build.0 = Debug|Any CPU
		{4050CC17-8909-41F0-AFAC-F5C2ADBB70B6}.AppStore|x86.ActiveCfg = Debug|Any CPU
		{4050CC17-8909-41F0-AFAC-F5C2ADBB70B6}.AppStore|x86.Build.0 = Debug|Any CPU
		{4050CC17-8909-41F0-AFAC-F5C2ADBB70B6}.Debug|Any CPU.ActiveCfg = Debug|Any CPU
		{4050CC17-8909-41F0-AFAC-F5C2ADBB70B6}.Debug|Any CPU.Build.0 = Debug|Any CPU
		{4050CC17-8909-41F0-AFAC-F5C2ADBB70B6}.Debug|ARM.ActiveCfg = Debug|Any CPU
		{4050CC17-8909-41F0-AFAC-F5C2ADBB70B6}.Debug|ARM.Build.0 = Debug|Any CPU
		{4050CC17-8909-41F0-AFAC-F5C2ADBB70B6}.Debug|iPhone.ActiveCfg = Debug|Any CPU
		{4050CC17-8909-41F0-AFAC-F5C2ADBB70B6}.Debug|iPhone.Build.0 = Debug|Any CPU
		{4050CC17-8909-41F0-AFAC-F5C2ADBB70B6}.Debug|iPhoneSimulator.ActiveCfg = Debug|Any CPU
		{4050CC17-8909-41F0-AFAC-F5C2ADBB70B6}.Debug|iPhoneSimulator.Build.0 = Debug|Any CPU
		{4050CC17-8909-41F0-AFAC-F5C2ADBB70B6}.Debug|x64.ActiveCfg = Debug|Any CPU
		{4050CC17-8909-41F0-AFAC-F5C2ADBB70B6}.Debug|x64.Build.0 = Debug|Any CPU
		{4050CC17-8909-41F0-AFAC-F5C2ADBB70B6}.Debug|x86.ActiveCfg = Debug|Any CPU
		{4050CC17-8909-41F0-AFAC-F5C2ADBB70B6}.Debug|x86.Build.0 = Debug|Any CPU
		{4050CC17-8909-41F0-AFAC-F5C2ADBB70B6}.Release|Any CPU.ActiveCfg = Release|Any CPU
		{4050CC17-8909-41F0-AFAC-F5C2ADBB70B6}.Release|Any CPU.Build.0 = Release|Any CPU
		{4050CC17-8909-41F0-AFAC-F5C2ADBB70B6}.Release|ARM.ActiveCfg = Release|Any CPU
		{4050CC17-8909-41F0-AFAC-F5C2ADBB70B6}.Release|ARM.Build.0 = Release|Any CPU
		{4050CC17-8909-41F0-AFAC-F5C2ADBB70B6}.Release|iPhone.ActiveCfg = Release|Any CPU
		{4050CC17-8909-41F0-AFAC-F5C2ADBB70B6}.Release|iPhone.Build.0 = Release|Any CPU
		{4050CC17-8909-41F0-AFAC-F5C2ADBB70B6}.Release|iPhoneSimulator.ActiveCfg = Release|Any CPU
		{4050CC17-8909-41F0-AFAC-F5C2ADBB70B6}.Release|iPhoneSimulator.Build.0 = Release|Any CPU
		{4050CC17-8909-41F0-AFAC-F5C2ADBB70B6}.Release|x64.ActiveCfg = Release|Any CPU
		{4050CC17-8909-41F0-AFAC-F5C2ADBB70B6}.Release|x64.Build.0 = Release|Any CPU
		{4050CC17-8909-41F0-AFAC-F5C2ADBB70B6}.Release|x86.ActiveCfg = Release|Any CPU
		{4050CC17-8909-41F0-AFAC-F5C2ADBB70B6}.Release|x86.Build.0 = Release|Any CPU
	EndGlobalSection
	GlobalSection(SolutionProperties) = preSolution
		HideSolutionNode = FALSE
	EndGlobalSection
	GlobalSection(ExtensibilityGlobals) = postSolution
		SolutionGuid = {75F3BB02-9E9D-48B7-AABD-89AF5AFE9132}
	EndGlobalSection
EndGlobal
